
Microsoft Visual Studio Solution File, Format Version 12.00
# Visual Studio Version 17
VisualStudioVersion = 17.11.35312.102
MinimumVisualStudioVersion = 10.0.40219.1
Project("{2150E333-8FDC-42A3-9474-1A3956D46DE8}") = "ChainOfResponsibilityDesignPattern", "ChainOfResponsibilityDesignPattern", "{D676D2C4-622D-4EFC-A8A7-23CAE7D7C512}"
EndProject
Project("{9A19103F-16F7-4668-BE54-9A1E7A4F7556}") = "DP.ChainOfResponsibility", "ChainOfResponsibilityDesignPattern\DP.ChainOfResponsibility\DP.ChainOfResponsibility.csproj", "{C3C729F0-36C9-4EFE-A5ED-CF46D39EE180}"
EndProject
Project("{2150E333-8FDC-42A3-9474-1A3956D46DE8}") = "CQRSDesignPattern", "CQRSDesignPattern", "{B3DF2449-80FE-46AB-BFC4-54FE760CF921}"
EndProject
Project("{9A19103F-16F7-4668-BE54-9A1E7A4F7556}") = "DP.CQRS", "CQRSDesignPattern\DP.CQRS\DP.CQRS.csproj", "{5517C8E7-B1F9-489B-9533-D2FD52A2B9EB}"
EndProject
Project("{2150E333-8FDC-42A3-9474-1A3956D46DE8}") = "TemplateMethoddesignPattern", "TemplateMethoddesignPattern", "{104145BD-A3B3-4633-9E13-D47653BE0A82}"
EndProject
Project("{2150E333-8FDC-42A3-9474-1A3956D46DE8}") = "UnitOfWorkdesignPattern", "UnitOfWorkdesignPattern", "{93ED85BC-D6B2-49BB-A32E-C2A7E7F64F36}"
EndProject
Project("{2150E333-8FDC-42A3-9474-1A3956D46DE8}") = "RepositorydesignPattern", "RepositorydesignPattern", "{8B4F646A-AEC6-4E0F-B4D6-6E0343DEF213}"
EndProject
Project("{2150E333-8FDC-42A3-9474-1A3956D46DE8}") = "MediatordesignPattern", "MediatordesignPattern", "{954407D3-86F1-4A09-9DEF-69F5DB90E532}"
EndProject
Project("{2150E333-8FDC-42A3-9474-1A3956D46DE8}") = "DecoratordesignPattern", "DecoratordesignPattern", "{1F026DD6-EDAA-43E8-9637-C94F8C00635B}"
EndProject
Project("{2150E333-8FDC-42A3-9474-1A3956D46DE8}") = "FacadedesignPattern", "FacadedesignPattern", "{56C39BE8-4B6A-4B8D-A0A2-759E0D3439BE}"
EndProject
Project("{2150E333-8FDC-42A3-9474-1A3956D46DE8}") = "IteratordesignPattern", "IteratordesignPattern", "{FA34BB1C-D942-4D48-9753-A9623C8ECA33}"
EndProject
Project("{9A19103F-16F7-4668-BE54-9A1E7A4F7556}") = "DP.TemplateMethod", "TemplateMethodDesignPattern\DP.TemplateMethod\DP.TemplateMethod.csproj", "{A538CF1E-4AB7-4ABF-A2BB-15DCAA8A801F}"
EndProject
Project("{2150E333-8FDC-42A3-9474-1A3956D46DE8}") = "ObserverDesignPattern", "ObserverDesignPattern", "{84B498D7-61B2-48EA-A5F6-7046822C7065}"
EndProject
Project("{9A19103F-16F7-4668-BE54-9A1E7A4F7556}") = "DP.Observer", "ObserverDesignPattern\DP.Observer\DP.Observer.csproj", "{61A11257-942F-4F8C-94F3-82E11FFD43BD}"
EndProject
Project("{9A19103F-16F7-4668-BE54-9A1E7A4F7556}") = "DP.UnitOfWork", "UnitOfWorkdesignPattern\DP.UnitOfWork\DP.UnitOfWork.csproj", "{7C28DA34-EEBA-49C8-9312-A4B432D8EB55}"
EndProject
Project("{9A19103F-16F7-4668-BE54-9A1E7A4F7556}") = "DP.UOW.EntityLayer", "UnitOfWorkdesignPattern\DP.EntityLayer\DP.UOW.EntityLayer.csproj", "{78099B17-5BE7-4722-8DF1-5A04AB5D0E67}"
EndProject
Project("{9A19103F-16F7-4668-BE54-9A1E7A4F7556}") = "DP.UOW.DataAccessLayer", "UnitOfWorkdesignPattern\DP.DataAccessLayer\DP.UOW.DataAccessLayer.csproj", "{9C90AFDE-AFB4-47CD-B74E-4FB10C256CB2}"
EndProject
Project("{9A19103F-16F7-4668-BE54-9A1E7A4F7556}") = "DP.UOW.BusinessLayer", "UnitOfWorkdesignPattern\Dp.BusinessLayer\DP.UOW.BusinessLayer.csproj", "{814DB863-87D3-4A4E-AE32-581C66349414}"
EndProject
Project("{9A19103F-16F7-4668-BE54-9A1E7A4F7556}") = "DP.Repository", "RepositorydesignPattern\DP.Repository\DP.Repository.csproj", "{92FBB39A-46BD-4898-AFDB-048A673C2ACE}"
EndProject
Project("{9A19103F-16F7-4668-BE54-9A1E7A4F7556}") = "DP.Repo.EntityLayer", "RepositorydesignPattern\DP.Repo.EntityLayer\DP.Repo.EntityLayer.csproj", "{18542E67-3043-4206-9FB0-2EE6360A0117}"
EndProject
Project("{9A19103F-16F7-4668-BE54-9A1E7A4F7556}") = "DP.Repo.DataAccessLayer", "RepositorydesignPattern\DP.Repo.DataAccessLayer\DP.Repo.DataAccessLayer.csproj", "{45FE67DC-9B9A-48C2-A2B6-2030650DF2BB}"
EndProject
Project("{9A19103F-16F7-4668-BE54-9A1E7A4F7556}") = "DP.Repo.BusinessLayer", "RepositorydesignPattern\DP.Repo.BusinessLayer\DP.Repo.BusinessLayer.csproj", "{59DE4A87-04D2-49BE-9F50-3152EFEBD79F}"
EndProject
Project("{2150E333-8FDC-42A3-9474-1A3956D46DE8}") = "CompositedesignPattern", "CompositedesignPattern", "{0E9A8EFA-9B9C-4281-B300-309B78F85189}"
EndProject
Project("{9A19103F-16F7-4668-BE54-9A1E7A4F7556}") = "DP.Composite", "CompositedesignPattern\DP.Composite\DP.Composite.csproj", "{2971E32E-F9D0-4672-9A31-FC7DDCD0771A}"
EndProject
Project("{9A19103F-16F7-4668-BE54-9A1E7A4F7556}") = "DP.Mediator", "MediatordesignPattern\DP.Mediator\DP.Mediator.csproj", "{831D60CB-D126-4F91-82FF-9CB166CD422D}"
EndProject
Project("{9A19103F-16F7-4668-BE54-9A1E7A4F7556}") = "DP.Iterator", "IteratorDesignPattern\DP.Iterator\DP.Iterator.csproj", "{D18F430B-E0C3-41F2-AE67-E952F23E94BA}"
EndProject
Project("{9A19103F-16F7-4668-BE54-9A1E7A4F7556}") = "DP.Facade", "FacadedesignPattern\DP.Facade\DP.Facade.csproj", "{5FEB1CDC-9B16-4591-9E92-F0D807DB41CB}"
EndProject
Project("{FAE04EC0-301F-11D3-BF4B-00C04F79EFBC}") = "DP.Decorator", "DecoratordesignPattern\DP.Decorator\DP.Decorator.csproj", "{E7044F00-1736-42A0-B45B-5249F0B0A975}"
EndProject
Global
	GlobalSection(SolutionConfigurationPlatforms) = preSolution
		Debug|Any CPU = Debug|Any CPU
		Release|Any CPU = Release|Any CPU
	EndGlobalSection
	GlobalSection(ProjectConfigurationPlatforms) = postSolution
		{C3C729F0-36C9-4EFE-A5ED-CF46D39EE180}.Debug|Any CPU.ActiveCfg = Debug|Any CPU
		{C3C729F0-36C9-4EFE-A5ED-CF46D39EE180}.Debug|Any CPU.Build.0 = Debug|Any CPU
		{C3C729F0-36C9-4EFE-A5ED-CF46D39EE180}.Release|Any CPU.ActiveCfg = Release|Any CPU
		{C3C729F0-36C9-4EFE-A5ED-CF46D39EE180}.Release|Any CPU.Build.0 = Release|Any CPU
		{5517C8E7-B1F9-489B-9533-D2FD52A2B9EB}.Debug|Any CPU.ActiveCfg = Debug|Any CPU
		{5517C8E7-B1F9-489B-9533-D2FD52A2B9EB}.Debug|Any CPU.Build.0 = Debug|Any CPU
		{5517C8E7-B1F9-489B-9533-D2FD52A2B9EB}.Release|Any CPU.ActiveCfg = Release|Any CPU
		{5517C8E7-B1F9-489B-9533-D2FD52A2B9EB}.Release|Any CPU.Build.0 = Release|Any CPU
		{A538CF1E-4AB7-4ABF-A2BB-15DCAA8A801F}.Debug|Any CPU.ActiveCfg = Debug|Any CPU
		{A538CF1E-4AB7-4ABF-A2BB-15DCAA8A801F}.Debug|Any CPU.Build.0 = Debug|Any CPU
		{A538CF1E-4AB7-4ABF-A2BB-15DCAA8A801F}.Release|Any CPU.ActiveCfg = Release|Any CPU
		{A538CF1E-4AB7-4ABF-A2BB-15DCAA8A801F}.Release|Any CPU.Build.0 = Release|Any CPU
		{61A11257-942F-4F8C-94F3-82E11FFD43BD}.Debug|Any CPU.ActiveCfg = Debug|Any CPU
		{61A11257-942F-4F8C-94F3-82E11FFD43BD}.Debug|Any CPU.Build.0 = Debug|Any CPU
		{61A11257-942F-4F8C-94F3-82E11FFD43BD}.Release|Any CPU.ActiveCfg = Release|Any CPU
		{61A11257-942F-4F8C-94F3-82E11FFD43BD}.Release|Any CPU.Build.0 = Release|Any CPU
		{7C28DA34-EEBA-49C8-9312-A4B432D8EB55}.Debug|Any CPU.ActiveCfg = Debug|Any CPU
		{7C28DA34-EEBA-49C8-9312-A4B432D8EB55}.Debug|Any CPU.Build.0 = Debug|Any CPU
		{7C28DA34-EEBA-49C8-9312-A4B432D8EB55}.Release|Any CPU.ActiveCfg = Release|Any CPU
		{7C28DA34-EEBA-49C8-9312-A4B432D8EB55}.Release|Any CPU.Build.0 = Release|Any CPU
		{78099B17-5BE7-4722-8DF1-5A04AB5D0E67}.Debug|Any CPU.ActiveCfg = Debug|Any CPU
		{78099B17-5BE7-4722-8DF1-5A04AB5D0E67}.Debug|Any CPU.Build.0 = Debug|Any CPU
		{78099B17-5BE7-4722-8DF1-5A04AB5D0E67}.Release|Any CPU.ActiveCfg = Release|Any CPU
		{78099B17-5BE7-4722-8DF1-5A04AB5D0E67}.Release|Any CPU.Build.0 = Release|Any CPU
		{9C90AFDE-AFB4-47CD-B74E-4FB10C256CB2}.Debug|Any CPU.ActiveCfg = Debug|Any CPU
		{9C90AFDE-AFB4-47CD-B74E-4FB10C256CB2}.Debug|Any CPU.Build.0 = Debug|Any CPU
		{9C90AFDE-AFB4-47CD-B74E-4FB10C256CB2}.Release|Any CPU.ActiveCfg = Release|Any CPU
		{9C90AFDE-AFB4-47CD-B74E-4FB10C256CB2}.Release|Any CPU.Build.0 = Release|Any CPU
		{814DB863-87D3-4A4E-AE32-581C66349414}.Debug|Any CPU.ActiveCfg = Debug|Any CPU
		{814DB863-87D3-4A4E-AE32-581C66349414}.Debug|Any CPU.Build.0 = Debug|Any CPU
		{814DB863-87D3-4A4E-AE32-581C66349414}.Release|Any CPU.ActiveCfg = Release|Any CPU
		{814DB863-87D3-4A4E-AE32-581C66349414}.Release|Any CPU.Build.0 = Release|Any CPU
		{92FBB39A-46BD-4898-AFDB-048A673C2ACE}.Debug|Any CPU.ActiveCfg = Debug|Any CPU
		{92FBB39A-46BD-4898-AFDB-048A673C2ACE}.Debug|Any CPU.Build.0 = Debug|Any CPU
		{92FBB39A-46BD-4898-AFDB-048A673C2ACE}.Release|Any CPU.ActiveCfg = Release|Any CPU
		{92FBB39A-46BD-4898-AFDB-048A673C2ACE}.Release|Any CPU.Build.0 = Release|Any CPU
		{18542E67-3043-4206-9FB0-2EE6360A0117}.Debug|Any CPU.ActiveCfg = Debug|Any CPU
		{18542E67-3043-4206-9FB0-2EE6360A0117}.Debug|Any CPU.Build.0 = Debug|Any CPU
		{18542E67-3043-4206-9FB0-2EE6360A0117}.Release|Any CPU.ActiveCfg = Release|Any CPU
		{18542E67-3043-4206-9FB0-2EE6360A0117}.Release|Any CPU.Build.0 = Release|Any CPU
		{45FE67DC-9B9A-48C2-A2B6-2030650DF2BB}.Debug|Any CPU.ActiveCfg = Debug|Any CPU
		{45FE67DC-9B9A-48C2-A2B6-2030650DF2BB}.Debug|Any CPU.Build.0 = Debug|Any CPU
		{45FE67DC-9B9A-48C2-A2B6-2030650DF2BB}.Release|Any CPU.ActiveCfg = Release|Any CPU
		{45FE67DC-9B9A-48C2-A2B6-2030650DF2BB}.Release|Any CPU.Build.0 = Release|Any CPU
		{59DE4A87-04D2-49BE-9F50-3152EFEBD79F}.Debug|Any CPU.ActiveCfg = Debug|Any CPU
		{59DE4A87-04D2-49BE-9F50-3152EFEBD79F}.Debug|Any CPU.Build.0 = Debug|Any CPU
		{59DE4A87-04D2-49BE-9F50-3152EFEBD79F}.Release|Any CPU.ActiveCfg = Release|Any CPU
		{59DE4A87-04D2-49BE-9F50-3152EFEBD79F}.Release|Any CPU.Build.0 = Release|Any CPU
		{2971E32E-F9D0-4672-9A31-FC7DDCD0771A}.Debug|Any CPU.ActiveCfg = Debug|Any CPU
		{2971E32E-F9D0-4672-9A31-FC7DDCD0771A}.Debug|Any CPU.Build.0 = Debug|Any CPU
		{2971E32E-F9D0-4672-9A31-FC7DDCD0771A}.Release|Any CPU.ActiveCfg = Release|Any CPU
		{2971E32E-F9D0-4672-9A31-FC7DDCD0771A}.Release|Any CPU.Build.0 = Release|Any CPU
		{831D60CB-D126-4F91-82FF-9CB166CD422D}.Debug|Any CPU.ActiveCfg = Debug|Any CPU
		{831D60CB-D126-4F91-82FF-9CB166CD422D}.Debug|Any CPU.Build.0 = Debug|Any CPU
		{831D60CB-D126-4F91-82FF-9CB166CD422D}.Release|Any CPU.ActiveCfg = Release|Any CPU
		{831D60CB-D126-4F91-82FF-9CB166CD422D}.Release|Any CPU.Build.0 = Release|Any CPU
		{D18F430B-E0C3-41F2-AE67-E952F23E94BA}.Debug|Any CPU.ActiveCfg = Debug|Any CPU
		{D18F430B-E0C3-41F2-AE67-E952F23E94BA}.Debug|Any CPU.Build.0 = Debug|Any CPU
		{D18F430B-E0C3-41F2-AE67-E952F23E94BA}.Release|Any CPU.ActiveCfg = Release|Any CPU
		{D18F430B-E0C3-41F2-AE67-E952F23E94BA}.Release|Any CPU.Build.0 = Release|Any CPU
		{5FEB1CDC-9B16-4591-9E92-F0D807DB41CB}.Debug|Any CPU.ActiveCfg = Debug|Any CPU
		{5FEB1CDC-9B16-4591-9E92-F0D807DB41CB}.Debug|Any CPU.Build.0 = Debug|Any CPU
		{5FEB1CDC-9B16-4591-9E92-F0D807DB41CB}.Release|Any CPU.ActiveCfg = Release|Any CPU
		{5FEB1CDC-9B16-4591-9E92-F0D807DB41CB}.Release|Any CPU.Build.0 = Release|Any CPU
		{E7044F00-1736-42A0-B45B-5249F0B0A975}.Debug|Any CPU.ActiveCfg = Debug|Any CPU
		{E7044F00-1736-42A0-B45B-5249F0B0A975}.Debug|Any CPU.Build.0 = Debug|Any CPU
		{E7044F00-1736-42A0-B45B-5249F0B0A975}.Release|Any CPU.ActiveCfg = Release|Any CPU
		{E7044F00-1736-42A0-B45B-5249F0B0A975}.Release|Any CPU.Build.0 = Release|Any CPU
	EndGlobalSection
	GlobalSection(SolutionProperties) = preSolution
		HideSolutionNode = FALSE
	EndGlobalSection
	GlobalSection(NestedProjects) = preSolution
		{C3C729F0-36C9-4EFE-A5ED-CF46D39EE180} = {D676D2C4-622D-4EFC-A8A7-23CAE7D7C512}
		{5517C8E7-B1F9-489B-9533-D2FD52A2B9EB} = {B3DF2449-80FE-46AB-BFC4-54FE760CF921}
		{A538CF1E-4AB7-4ABF-A2BB-15DCAA8A801F} = {104145BD-A3B3-4633-9E13-D47653BE0A82}
		{61A11257-942F-4F8C-94F3-82E11FFD43BD} = {84B498D7-61B2-48EA-A5F6-7046822C7065}
		{7C28DA34-EEBA-49C8-9312-A4B432D8EB55} = {93ED85BC-D6B2-49BB-A32E-C2A7E7F64F36}
		{78099B17-5BE7-4722-8DF1-5A04AB5D0E67} = {93ED85BC-D6B2-49BB-A32E-C2A7E7F64F36}
		{9C90AFDE-AFB4-47CD-B74E-4FB10C256CB2} = {93ED85BC-D6B2-49BB-A32E-C2A7E7F64F36}
		{814DB863-87D3-4A4E-AE32-581C66349414} = {93ED85BC-D6B2-49BB-A32E-C2A7E7F64F36}
		{92FBB39A-46BD-4898-AFDB-048A673C2ACE} = {8B4F646A-AEC6-4E0F-B4D6-6E0343DEF213}
		{18542E67-3043-4206-9FB0-2EE6360A0117} = {8B4F646A-AEC6-4E0F-B4D6-6E0343DEF213}
		{45FE67DC-9B9A-48C2-A2B6-2030650DF2BB} = {8B4F646A-AEC6-4E0F-B4D6-6E0343DEF213}
		{59DE4A87-04D2-49BE-9F50-3152EFEBD79F} = {8B4F646A-AEC6-4E0F-B4D6-6E0343DEF213}
		{2971E32E-F9D0-4672-9A31-FC7DDCD0771A} = {0E9A8EFA-9B9C-4281-B300-309B78F85189}
		{831D60CB-D126-4F91-82FF-9CB166CD422D} = {954407D3-86F1-4A09-9DEF-69F5DB90E532}
		{D18F430B-E0C3-41F2-AE67-E952F23E94BA} = {FA34BB1C-D942-4D48-9753-A9623C8ECA33}
		{5FEB1CDC-9B16-4591-9E92-F0D807DB41CB} = {56C39BE8-4B6A-4B8D-A0A2-759E0D3439BE}
		{E7044F00-1736-42A0-B45B-5249F0B0A975} = {1F026DD6-EDAA-43E8-9637-C94F8C00635B}
	EndGlobalSection
	GlobalSection(ExtensibilityGlobals) = postSolution
		SolutionGuid = {2C055511-A5B4-48D0-ACD4-AB3B4BACF737}
	EndGlobalSection
EndGlobal
